
Microsoft Visual Studio Solution File, Format Version 12.00
# Visual Studio Version 17
VisualStudioVersion = 17.6.33801.468
MinimumVisualStudioVersion = 10.0.40219.1
Project("{FAE04EC0-301F-11D3-BF4B-00C04F79EFBC}") = "_253505_Shishov_Lab8", "_253505_Shishov_Lab8\_253505_Shishov_Lab8.csproj", "{0670F034-7EB3-47FE-A0D5-FA7F2FAF4475}"
EndProject
Project("{FAE04EC0-301F-11D3-BF4B-00C04F79EFBC}") = "ClassLibrary", "ClassLibrary\ClassLibrary.csproj", "{633B7963-58DA-4A52-B5AC-E0B7AFB81B9B}"
EndProject
Global
	GlobalSection(SolutionConfigurationPlatforms) = preSolution
		Debug|Any CPU = Debug|Any CPU
		Release|Any CPU = Release|Any CPU
	EndGlobalSection
	GlobalSection(ProjectConfigurationPlatforms) = postSolution
		{0670F034-7EB3-47FE-A0D5-FA7F2FAF4475}.Debug|Any CPU.ActiveCfg = Debug|Any CPU
		{0670F034-7EB3-47FE-A0D5-FA7F2FAF4475}.Debug|Any CPU.Build.0 = Debug|Any CPU
		{0670F034-7EB3-47FE-A0D5-FA7F2FAF4475}.Release|Any CPU.ActiveCfg = Release|Any CPU
		{0670F034-7EB3-47FE-A0D5-FA7F2FAF4475}.Release|Any CPU.Build.0 = Release|Any CPU
		{633B7963-58DA-4A52-B5AC-E0B7AFB81B9B}.Debug|Any CPU.ActiveCfg = Debug|Any CPU
		{633B7963-58DA-4A52-B5AC-E0B7AFB81B9B}.Debug|Any CPU.Build.0 = Debug|Any CPU
		{633B7963-58DA-4A52-B5AC-E0B7AFB81B9B}.Release|Any CPU.ActiveCfg = Release|Any CPU
		{633B7963-58DA-4A52-B5AC-E0B7AFB81B9B}.Release|Any CPU.Build.0 = Release|Any CPU
	EndGlobalSection
	GlobalSection(SolutionProperties) = preSolution
		HideSolutionNode = FALSE
	EndGlobalSection
	GlobalSection(ExtensibilityGlobals) = postSolution
		SolutionGuid = {266E6A6F-BB40-4C96-B722-D9A262969F41}
	EndGlobalSection
EndGlobal
