
Microsoft Visual Studio Solution File, Format Version 12.00
# Visual Studio Version 17
VisualStudioVersion = 17.6.33801.468
MinimumVisualStudioVersion = 10.0.40219.1
Project("{FAE04EC0-301F-11D3-BF4B-00C04F79EFBC}") = "_253505_Shishov_Lab3", "_253505_Shishov_Lab3\_253505_Shishov_Lab3.csproj", "{5DF514F7-5E02-483F-AB49-62A5AA67ABE4}"
EndProject
Global
	GlobalSection(SolutionConfigurationPlatforms) = preSolution
		Debug|Any CPU = Debug|Any CPU
		Release|Any CPU = Release|Any CPU
	EndGlobalSection
	GlobalSection(ProjectConfigurationPlatforms) = postSolution
		{5DF514F7-5E02-483F-AB49-62A5AA67ABE4}.Debug|Any CPU.ActiveCfg = Debug|Any CPU
		{5DF514F7-5E02-483F-AB49-62A5AA67ABE4}.Debug|Any CPU.Build.0 = Debug|Any CPU
		{5DF514F7-5E02-483F-AB49-62A5AA67ABE4}.Release|Any CPU.ActiveCfg = Release|Any CPU
		{5DF514F7-5E02-483F-AB49-62A5AA67ABE4}.Release|Any CPU.Build.0 = Release|Any CPU
	EndGlobalSection
	GlobalSection(SolutionProperties) = preSolution
		HideSolutionNode = FALSE
	EndGlobalSection
	GlobalSection(ExtensibilityGlobals) = postSolution
		SolutionGuid = {5084A704-61BD-4D74-B7B5-9739E45CF0DD}
	EndGlobalSection
EndGlobal
